
Microsoft Visual Studio Solution File, Format Version 12.00
# Visual Studio Version 17
VisualStudioVersion = 17.12.35527.113
MinimumVisualStudioVersion = 10.0.40219.1
Project("{2150E333-8FDC-42A3-9474-1A3956D46DE8}") = "Solution Items", "Solution Items", "{F549AE41-EE56-4183-91AE-CEC4E83068CE}"
	ProjectSection(SolutionItems) = preProject
		docker-compose.override.yml = docker-compose.override.yml
		docker-compose.yml = docker-compose.yml
		global.json = global.json
		README.md = README.md
	EndProjectSection
EndProject
Project("{2150E333-8FDC-42A3-9474-1A3956D46DE8}") = "src", "src", "{1531D07E-E71A-4718-8546-BBDA82E67ECA}"
EndProject
Project("{2150E333-8FDC-42A3-9474-1A3956D46DE8}") = "tests", "tests", "{B178B70D-8198-4FE5-A080-32A7B2F635BE}"
EndProject
Project("{2150E333-8FDC-42A3-9474-1A3956D46DE8}") = "BuildingBlocks", "BuildingBlocks", "{B54557F7-D931-47A8-882A-9C2880889779}"
EndProject
Project("{2150E333-8FDC-42A3-9474-1A3956D46DE8}") = "ApiGateways", "ApiGateways", "{93963677-79BC-4212-B585-2F81BFE3C85F}"
EndProject
Project("{2150E333-8FDC-42A3-9474-1A3956D46DE8}") = "Services", "Services", "{60FFDD72-C07E-45B5-9B5E-13BF57E607A9}"
EndProject
Project("{2150E333-8FDC-42A3-9474-1A3956D46DE8}") = "WebApps", "WebApps", "{58AB37A8-4D1F-403B-B05E-917CCFB56D54}"
EndProject
Project("{FAE04EC0-301F-11D3-BF4B-00C04F79EFBC}") = "Common.Logging", "src\BuildingBlocks\Common.Logging\Common.Logging.csproj", "{90563E72-0914-4465-805B-AB3890E325DA}"
EndProject
Project("{FAE04EC0-301F-11D3-BF4B-00C04F79EFBC}") = "EventBus.Messages", "src\BuildingBlocks\EventBus.Messages\EventBus.Messages.csproj", "{B451C028-808A-4E4F-A054-19DC8C081C73}"
EndProject
Project("{2150E333-8FDC-42A3-9474-1A3956D46DE8}") = "Basket", "Basket", "{75C39080-D98D-4F92-9675-67F684128C6C}"
EndProject
Project("{2150E333-8FDC-42A3-9474-1A3956D46DE8}") = "Customer", "Customer", "{E2A5EEBF-91A9-4A69-A27B-7EED9A829B11}"
EndProject
Project("{2150E333-8FDC-42A3-9474-1A3956D46DE8}") = "Inventory", "Inventory", "{E4A8B9A2-AB12-470E-B6FE-F322022B70C7}"
EndProject
Project("{2150E333-8FDC-42A3-9474-1A3956D46DE8}") = "Ordering", "Ordering", "{2271C641-41A5-4656-8604-BF74B61AAE0F}"
EndProject
Project("{2150E333-8FDC-42A3-9474-1A3956D46DE8}") = "Product", "Product", "{3729AF09-6520-47F0-B01A-2779DE101706}"
EndProject
Project("{2150E333-8FDC-42A3-9474-1A3956D46DE8}") = "ScheduledJob", "ScheduledJob", "{1605E5A4-2C7D-4202-AE15-1FD8DEB723BC}"
EndProject
Project("{FAE04EC0-301F-11D3-BF4B-00C04F79EFBC}") = "WebHealthStatus", "src\WebApps\WebHealthStatus\WebHealthStatus.csproj", "{4BE836C7-9739-4DD9-8E21-C61B25FA3A7A}"
EndProject
Project("{FAE04EC0-301F-11D3-BF4B-00C04F79EFBC}") = "Basket.API", "src\Services\Basket.API\Basket.API.csproj", "{AD158CD9-D400-4A36-B169-57C987955B92}"
EndProject
Project("{FAE04EC0-301F-11D3-BF4B-00C04F79EFBC}") = "Customer.API", "src\Services\Customer.API\Customer.API.csproj", "{74FB57D3-E27C-4FB9-9E2D-421241A6CD29}"
EndProject
Project("{FAE04EC0-301F-11D3-BF4B-00C04F79EFBC}") = "Inventory.Product.API", "src\Services\Inventory.Product.API\Inventory.Product.API.csproj", "{019296B6-202E-4375-BF74-FB5306D6C402}"
EndProject
Project("{FAE04EC0-301F-11D3-BF4B-00C04F79EFBC}") = "Ordering.API", "src\Services\Ordering.API\Ordering.API.csproj", "{ECC6E6AA-AAC7-4796-8954-5034399D07E0}"
EndProject
Project("{FAE04EC0-301F-11D3-BF4B-00C04F79EFBC}") = "Product.API", "src\Services\Product.API\Product.API.csproj", "{632F6E6B-E759-43B2-8687-542575FAC4D7}"
EndProject
Project("{FAE04EC0-301F-11D3-BF4B-00C04F79EFBC}") = "Hangfire.API", "src\Services\Hangfire.API\Hangfire.API.csproj", "{257FC96F-C7B0-4CFA-80EF-AC8A6E7B3824}"
EndProject
Project("{FAE04EC0-301F-11D3-BF4B-00C04F79EFBC}") = "Contracts", "src\BuildingBlocks\Contracts\Contracts.csproj", "{43EA3A53-D55F-4341-8DB6-9567004F2D0A}"
EndProject
Project("{FAE04EC0-301F-11D3-BF4B-00C04F79EFBC}") = "Infrastructure", "src\BuildingBlocks\Infrastructure\Infrastructure.csproj", "{7B97A1E0-9D1E-4174-BDBE-C063B7A4E5CA}"
EndProject
Project("{FAE04EC0-301F-11D3-BF4B-00C04F79EFBC}") = "Shared", "src\BuildingBlocks\Shared\Shared.csproj", "{3E7D3C2F-F680-4FBD-8B5B-5FFB2F535BA6}"
EndProject
Project("{FAE04EC0-301F-11D3-BF4B-00C04F79EFBC}") = "OcelotApiGw", "src\ApiGateways\OcelotApiGw\OcelotApiGw.csproj", "{6A73CB31-5016-4555-9306-488C66736697}"
EndProject
Global
	GlobalSection(SolutionConfigurationPlatforms) = preSolution
		Debug|Any CPU = Debug|Any CPU
		Release|Any CPU = Release|Any CPU
	EndGlobalSection
	GlobalSection(ProjectConfigurationPlatforms) = postSolution
		{90563E72-0914-4465-805B-AB3890E325DA}.Debug|Any CPU.ActiveCfg = Debug|Any CPU
		{90563E72-0914-4465-805B-AB3890E325DA}.Debug|Any CPU.Build.0 = Debug|Any CPU
		{90563E72-0914-4465-805B-AB3890E325DA}.Release|Any CPU.ActiveCfg = Release|Any CPU
		{90563E72-0914-4465-805B-AB3890E325DA}.Release|Any CPU.Build.0 = Release|Any CPU
		{B451C028-808A-4E4F-A054-19DC8C081C73}.Debug|Any CPU.ActiveCfg = Debug|Any CPU
		{B451C028-808A-4E4F-A054-19DC8C081C73}.Debug|Any CPU.Build.0 = Debug|Any CPU
		{B451C028-808A-4E4F-A054-19DC8C081C73}.Release|Any CPU.ActiveCfg = Release|Any CPU
		{B451C028-808A-4E4F-A054-19DC8C081C73}.Release|Any CPU.Build.0 = Release|Any CPU
		{4BE836C7-9739-4DD9-8E21-C61B25FA3A7A}.Debug|Any CPU.ActiveCfg = Debug|Any CPU
		{4BE836C7-9739-4DD9-8E21-C61B25FA3A7A}.Debug|Any CPU.Build.0 = Debug|Any CPU
		{4BE836C7-9739-4DD9-8E21-C61B25FA3A7A}.Release|Any CPU.ActiveCfg = Release|Any CPU
		{4BE836C7-9739-4DD9-8E21-C61B25FA3A7A}.Release|Any CPU.Build.0 = Release|Any CPU
		{AD158CD9-D400-4A36-B169-57C987955B92}.Debug|Any CPU.ActiveCfg = Debug|Any CPU
		{AD158CD9-D400-4A36-B169-57C987955B92}.Debug|Any CPU.Build.0 = Debug|Any CPU
		{AD158CD9-D400-4A36-B169-57C987955B92}.Release|Any CPU.ActiveCfg = Release|Any CPU
		{AD158CD9-D400-4A36-B169-57C987955B92}.Release|Any CPU.Build.0 = Release|Any CPU
		{74FB57D3-E27C-4FB9-9E2D-421241A6CD29}.Debug|Any CPU.ActiveCfg = Debug|Any CPU
		{74FB57D3-E27C-4FB9-9E2D-421241A6CD29}.Debug|Any CPU.Build.0 = Debug|Any CPU
		{74FB57D3-E27C-4FB9-9E2D-421241A6CD29}.Release|Any CPU.ActiveCfg = Release|Any CPU
		{74FB57D3-E27C-4FB9-9E2D-421241A6CD29}.Release|Any CPU.Build.0 = Release|Any CPU
		{019296B6-202E-4375-BF74-FB5306D6C402}.Debug|Any CPU.ActiveCfg = Debug|Any CPU
		{019296B6-202E-4375-BF74-FB5306D6C402}.Debug|Any CPU.Build.0 = Debug|Any CPU
		{019296B6-202E-4375-BF74-FB5306D6C402}.Release|Any CPU.ActiveCfg = Release|Any CPU
		{019296B6-202E-4375-BF74-FB5306D6C402}.Release|Any CPU.Build.0 = Release|Any CPU
		{ECC6E6AA-AAC7-4796-8954-5034399D07E0}.Debug|Any CPU.ActiveCfg = Debug|Any CPU
		{ECC6E6AA-AAC7-4796-8954-5034399D07E0}.Debug|Any CPU.Build.0 = Debug|Any CPU
		{ECC6E6AA-AAC7-4796-8954-5034399D07E0}.Release|Any CPU.ActiveCfg = Release|Any CPU
		{ECC6E6AA-AAC7-4796-8954-5034399D07E0}.Release|Any CPU.Build.0 = Release|Any CPU
		{632F6E6B-E759-43B2-8687-542575FAC4D7}.Debug|Any CPU.ActiveCfg = Debug|Any CPU
		{632F6E6B-E759-43B2-8687-542575FAC4D7}.Debug|Any CPU.Build.0 = Debug|Any CPU
		{632F6E6B-E759-43B2-8687-542575FAC4D7}.Release|Any CPU.ActiveCfg = Release|Any CPU
		{632F6E6B-E759-43B2-8687-542575FAC4D7}.Release|Any CPU.Build.0 = Release|Any CPU
		{257FC96F-C7B0-4CFA-80EF-AC8A6E7B3824}.Debug|Any CPU.ActiveCfg = Debug|Any CPU
		{257FC96F-C7B0-4CFA-80EF-AC8A6E7B3824}.Debug|Any CPU.Build.0 = Debug|Any CPU
		{257FC96F-C7B0-4CFA-80EF-AC8A6E7B3824}.Release|Any CPU.ActiveCfg = Release|Any CPU
		{257FC96F-C7B0-4CFA-80EF-AC8A6E7B3824}.Release|Any CPU.Build.0 = Release|Any CPU
		{43EA3A53-D55F-4341-8DB6-9567004F2D0A}.Debug|Any CPU.ActiveCfg = Debug|Any CPU
		{43EA3A53-D55F-4341-8DB6-9567004F2D0A}.Debug|Any CPU.Build.0 = Debug|Any CPU
		{43EA3A53-D55F-4341-8DB6-9567004F2D0A}.Release|Any CPU.ActiveCfg = Release|Any CPU
		{43EA3A53-D55F-4341-8DB6-9567004F2D0A}.Release|Any CPU.Build.0 = Release|Any CPU
		{7B97A1E0-9D1E-4174-BDBE-C063B7A4E5CA}.Debug|Any CPU.ActiveCfg = Debug|Any CPU
		{7B97A1E0-9D1E-4174-BDBE-C063B7A4E5CA}.Debug|Any CPU.Build.0 = Debug|Any CPU
		{7B97A1E0-9D1E-4174-BDBE-C063B7A4E5CA}.Release|Any CPU.ActiveCfg = Release|Any CPU
		{7B97A1E0-9D1E-4174-BDBE-C063B7A4E5CA}.Release|Any CPU.Build.0 = Release|Any CPU
		{3E7D3C2F-F680-4FBD-8B5B-5FFB2F535BA6}.Debug|Any CPU.ActiveCfg = Debug|Any CPU
		{3E7D3C2F-F680-4FBD-8B5B-5FFB2F535BA6}.Debug|Any CPU.Build.0 = Debug|Any CPU
		{3E7D3C2F-F680-4FBD-8B5B-5FFB2F535BA6}.Release|Any CPU.ActiveCfg = Release|Any CPU
		{3E7D3C2F-F680-4FBD-8B5B-5FFB2F535BA6}.Release|Any CPU.Build.0 = Release|Any CPU
		{6A73CB31-5016-4555-9306-488C66736697}.Debug|Any CPU.ActiveCfg = Debug|Any CPU
		{6A73CB31-5016-4555-9306-488C66736697}.Debug|Any CPU.Build.0 = Debug|Any CPU
		{6A73CB31-5016-4555-9306-488C66736697}.Release|Any CPU.ActiveCfg = Release|Any CPU
		{6A73CB31-5016-4555-9306-488C66736697}.Release|Any CPU.Build.0 = Release|Any CPU
	EndGlobalSection
	GlobalSection(SolutionProperties) = preSolution
		HideSolutionNode = FALSE
	EndGlobalSection
	GlobalSection(NestedProjects) = preSolution
		{B54557F7-D931-47A8-882A-9C2880889779} = {1531D07E-E71A-4718-8546-BBDA82E67ECA}
		{93963677-79BC-4212-B585-2F81BFE3C85F} = {1531D07E-E71A-4718-8546-BBDA82E67ECA}
		{60FFDD72-C07E-45B5-9B5E-13BF57E607A9} = {1531D07E-E71A-4718-8546-BBDA82E67ECA}
		{58AB37A8-4D1F-403B-B05E-917CCFB56D54} = {1531D07E-E71A-4718-8546-BBDA82E67ECA}
		{90563E72-0914-4465-805B-AB3890E325DA} = {B54557F7-D931-47A8-882A-9C2880889779}
		{B451C028-808A-4E4F-A054-19DC8C081C73} = {B54557F7-D931-47A8-882A-9C2880889779}
		{75C39080-D98D-4F92-9675-67F684128C6C} = {60FFDD72-C07E-45B5-9B5E-13BF57E607A9}
		{E2A5EEBF-91A9-4A69-A27B-7EED9A829B11} = {60FFDD72-C07E-45B5-9B5E-13BF57E607A9}
		{E4A8B9A2-AB12-470E-B6FE-F322022B70C7} = {60FFDD72-C07E-45B5-9B5E-13BF57E607A9}
		{2271C641-41A5-4656-8604-BF74B61AAE0F} = {60FFDD72-C07E-45B5-9B5E-13BF57E607A9}
		{3729AF09-6520-47F0-B01A-2779DE101706} = {60FFDD72-C07E-45B5-9B5E-13BF57E607A9}
		{1605E5A4-2C7D-4202-AE15-1FD8DEB723BC} = {60FFDD72-C07E-45B5-9B5E-13BF57E607A9}
		{4BE836C7-9739-4DD9-8E21-C61B25FA3A7A} = {58AB37A8-4D1F-403B-B05E-917CCFB56D54}
		{AD158CD9-D400-4A36-B169-57C987955B92} = {75C39080-D98D-4F92-9675-67F684128C6C}
		{74FB57D3-E27C-4FB9-9E2D-421241A6CD29} = {E2A5EEBF-91A9-4A69-A27B-7EED9A829B11}
		{019296B6-202E-4375-BF74-FB5306D6C402} = {E4A8B9A2-AB12-470E-B6FE-F322022B70C7}
		{ECC6E6AA-AAC7-4796-8954-5034399D07E0} = {2271C641-41A5-4656-8604-BF74B61AAE0F}
		{632F6E6B-E759-43B2-8687-542575FAC4D7} = {3729AF09-6520-47F0-B01A-2779DE101706}
		{257FC96F-C7B0-4CFA-80EF-AC8A6E7B3824} = {1605E5A4-2C7D-4202-AE15-1FD8DEB723BC}
		{43EA3A53-D55F-4341-8DB6-9567004F2D0A} = {B54557F7-D931-47A8-882A-9C2880889779}
		{7B97A1E0-9D1E-4174-BDBE-C063B7A4E5CA} = {B54557F7-D931-47A8-882A-9C2880889779}
		{3E7D3C2F-F680-4FBD-8B5B-5FFB2F535BA6} = {B54557F7-D931-47A8-882A-9C2880889779}
		{6A73CB31-5016-4555-9306-488C66736697} = {93963677-79BC-4212-B585-2F81BFE3C85F}
	EndGlobalSection
EndGlobal
