
Microsoft Visual Studio Solution File, Format Version 12.00
# Visual Studio Version 17
VisualStudioVersion = 17.13.35913.81 d17.13
MinimumVisualStudioVersion = 10.0.40219.1
Project("{FAE04EC0-301F-11D3-BF4B-00C04F79EFBC}") = "Inventory.Grpc", "Inventory.Grpc\Inventory.Grpc.csproj", "{C75943E7-C216-445E-A5F7-8C55190F5E6F}"
EndProject
Global
	GlobalSection(SolutionConfigurationPlatforms) = preSolution
		Debug|Any CPU = Debug|Any CPU
		Release|Any CPU = Release|Any CPU
	EndGlobalSection
	GlobalSection(ProjectConfigurationPlatforms) = postSolution
		{C75943E7-C216-445E-A5F7-8C55190F5E6F}.Debug|Any CPU.ActiveCfg = Debug|Any CPU
		{C75943E7-C216-445E-A5F7-8C55190F5E6F}.Debug|Any CPU.Build.0 = Debug|Any CPU
		{C75943E7-C216-445E-A5F7-8C55190F5E6F}.Release|Any CPU.ActiveCfg = Release|Any CPU
		{C75943E7-C216-445E-A5F7-8C55190F5E6F}.Release|Any CPU.Build.0 = Release|Any CPU
	EndGlobalSection
	GlobalSection(SolutionProperties) = preSolution
		HideSolutionNode = FALSE
	EndGlobalSection
	GlobalSection(ExtensibilityGlobals) = postSolution
		SolutionGuid = {7052E462-0F92-47A8-9DB0-50DB4B827F5C}
	EndGlobalSection
EndGlobal
